
Microsoft Visual Studio Solution File, Format Version 12.00
# Visual Studio 14
VisualStudioVersion = 14.0.22231.1
MinimumVisualStudioVersion = 10.0.40219.1
Project("{FAE04EC0-301F-11D3-BF4B-00C04F79EFBC}") = "UseConditionalOperatorAnalyzer", "UseConditionalOperatorAnalyzer\UseConditionalOperatorAnalyzer\UseConditionalOperatorAnalyzer.csproj", "{C9A9CDDE-C237-4E43-A7F3-6308B7E6722A}"
EndProject
Project("{2150E333-8FDC-42A3-9474-1A3956D46DE8}") = ".nuget", ".nuget", "{6BBB4F6E-6981-425A-BD88-A4E808FC0F95}"
	ProjectSection(SolutionItems) = preProject
		.nuget\packages.config = .nuget\packages.config
	EndProjectSection
EndProject
Project("{FAE04EC0-301F-11D3-BF4B-00C04F79EFBC}") = "UseConditionalOperatorAnalyzer.Test", "UseConditionalOperatorAnalyzer\UseConditionalOperatorAnalyzer.Test\UseConditionalOperatorAnalyzer.Test.csproj", "{5A08F5E4-0FE2-4031-8163-4CC22AAB51A3}"
EndProject
Project("{FAE04EC0-301F-11D3-BF4B-00C04F79EFBC}") = "UseConditionalOperatorAnalyzer.Vsix", "UseConditionalOperatorAnalyzer\UseConditionalOperatorAnalyzer.Vsix\UseConditionalOperatorAnalyzer.Vsix.csproj", "{2DB4927B-793A-4169-869A-516F16FA1B18}"
EndProject
Global
	GlobalSection(SolutionConfigurationPlatforms) = preSolution
		Debug|Any CPU = Debug|Any CPU
		Release|Any CPU = Release|Any CPU
	EndGlobalSection
	GlobalSection(ProjectConfigurationPlatforms) = postSolution
		{C9A9CDDE-C237-4E43-A7F3-6308B7E6722A}.Debug|Any CPU.ActiveCfg = Debug|Any CPU
		{C9A9CDDE-C237-4E43-A7F3-6308B7E6722A}.Debug|Any CPU.Build.0 = Debug|Any CPU
		{C9A9CDDE-C237-4E43-A7F3-6308B7E6722A}.Release|Any CPU.ActiveCfg = Release|Any CPU
		{C9A9CDDE-C237-4E43-A7F3-6308B7E6722A}.Release|Any CPU.Build.0 = Release|Any CPU
		{5A08F5E4-0FE2-4031-8163-4CC22AAB51A3}.Debug|Any CPU.ActiveCfg = Debug|Any CPU
		{5A08F5E4-0FE2-4031-8163-4CC22AAB51A3}.Debug|Any CPU.Build.0 = Debug|Any CPU
		{5A08F5E4-0FE2-4031-8163-4CC22AAB51A3}.Release|Any CPU.ActiveCfg = Release|Any CPU
		{5A08F5E4-0FE2-4031-8163-4CC22AAB51A3}.Release|Any CPU.Build.0 = Release|Any CPU
		{2DB4927B-793A-4169-869A-516F16FA1B18}.Debug|Any CPU.ActiveCfg = Debug|Any CPU
		{2DB4927B-793A-4169-869A-516F16FA1B18}.Debug|Any CPU.Build.0 = Debug|Any CPU
		{2DB4927B-793A-4169-869A-516F16FA1B18}.Release|Any CPU.ActiveCfg = Release|Any CPU
		{2DB4927B-793A-4169-869A-516F16FA1B18}.Release|Any CPU.Build.0 = Release|Any CPU
	EndGlobalSection
	GlobalSection(SolutionProperties) = preSolution
		HideSolutionNode = FALSE
	EndGlobalSection
EndGlobal
